
Microsoft Visual Studio Solution File, Format Version 12.00
# Visual Studio Version 16
VisualStudioVersion = 16.0.30517.126
MinimumVisualStudioVersion = 10.0.40219.1
Project("{9A19103F-16F7-4668-BE54-9A1E7A4F7556}") = "Day01", "Day1\Day01.csproj", "{3766A634-D1D0-48FD-9E38-CA89515D4479}"
EndProject
Project("{9A19103F-16F7-4668-BE54-9A1E7A4F7556}") = "Aoc2020Tests", "Aoc2020Tests\Aoc2020Tests.csproj", "{FDB965E4-AB2A-47C5-9650-5A50F2207D55}"
EndProject
Project("{9A19103F-16F7-4668-BE54-9A1E7A4F7556}") = "Day02 Password Policy", "Day2 Password Policy\Day02 Password Policy.csproj", "{24507724-8D53-4A7E-9D5D-983153ACB7D9}"
EndProject
Project("{9A19103F-16F7-4668-BE54-9A1E7A4F7556}") = "Day03 Tree map", "Day3 Tree map\Day03 Tree map.csproj", "{DF1B9F1D-EBD8-4370-99FA-D822745879C1}"
EndProject
Project("{9A19103F-16F7-4668-BE54-9A1E7A4F7556}") = "Day04 passports", "Day 04 passports\Day04 passports.csproj", "{21132B31-867E-46F1-9249-C10B09F53729}"
EndProject
Project("{FAE04EC0-301F-11D3-BF4B-00C04F79EFBC}") = "Day05", "Day05\Day05.csproj", "{CE89DE85-2D74-4F09-8BCC-F388C7C3D378}"
EndProject
Global
	GlobalSection(SolutionConfigurationPlatforms) = preSolution
		Debug|Any CPU = Debug|Any CPU
		Release|Any CPU = Release|Any CPU
	EndGlobalSection
	GlobalSection(ProjectConfigurationPlatforms) = postSolution
		{3766A634-D1D0-48FD-9E38-CA89515D4479}.Debug|Any CPU.ActiveCfg = Debug|Any CPU
		{3766A634-D1D0-48FD-9E38-CA89515D4479}.Debug|Any CPU.Build.0 = Debug|Any CPU
		{3766A634-D1D0-48FD-9E38-CA89515D4479}.Release|Any CPU.ActiveCfg = Release|Any CPU
		{3766A634-D1D0-48FD-9E38-CA89515D4479}.Release|Any CPU.Build.0 = Release|Any CPU
		{FDB965E4-AB2A-47C5-9650-5A50F2207D55}.Debug|Any CPU.ActiveCfg = Debug|Any CPU
		{FDB965E4-AB2A-47C5-9650-5A50F2207D55}.Debug|Any CPU.Build.0 = Debug|Any CPU
		{FDB965E4-AB2A-47C5-9650-5A50F2207D55}.Release|Any CPU.ActiveCfg = Release|Any CPU
		{FDB965E4-AB2A-47C5-9650-5A50F2207D55}.Release|Any CPU.Build.0 = Release|Any CPU
		{24507724-8D53-4A7E-9D5D-983153ACB7D9}.Debug|Any CPU.ActiveCfg = Debug|Any CPU
		{24507724-8D53-4A7E-9D5D-983153ACB7D9}.Debug|Any CPU.Build.0 = Debug|Any CPU
		{24507724-8D53-4A7E-9D5D-983153ACB7D9}.Release|Any CPU.ActiveCfg = Release|Any CPU
		{24507724-8D53-4A7E-9D5D-983153ACB7D9}.Release|Any CPU.Build.0 = Release|Any CPU
		{DF1B9F1D-EBD8-4370-99FA-D822745879C1}.Debug|Any CPU.ActiveCfg = Debug|Any CPU
		{DF1B9F1D-EBD8-4370-99FA-D822745879C1}.Debug|Any CPU.Build.0 = Debug|Any CPU
		{DF1B9F1D-EBD8-4370-99FA-D822745879C1}.Release|Any CPU.ActiveCfg = Release|Any CPU
		{DF1B9F1D-EBD8-4370-99FA-D822745879C1}.Release|Any CPU.Build.0 = Release|Any CPU
		{21132B31-867E-46F1-9249-C10B09F53729}.Debug|Any CPU.ActiveCfg = Debug|Any CPU
		{21132B31-867E-46F1-9249-C10B09F53729}.Debug|Any CPU.Build.0 = Debug|Any CPU
		{21132B31-867E-46F1-9249-C10B09F53729}.Release|Any CPU.ActiveCfg = Release|Any CPU
		{21132B31-867E-46F1-9249-C10B09F53729}.Release|Any CPU.Build.0 = Release|Any CPU
		{CE89DE85-2D74-4F09-8BCC-F388C7C3D378}.Debug|Any CPU.ActiveCfg = Debug|Any CPU
		{CE89DE85-2D74-4F09-8BCC-F388C7C3D378}.Debug|Any CPU.Build.0 = Debug|Any CPU
		{CE89DE85-2D74-4F09-8BCC-F388C7C3D378}.Release|Any CPU.ActiveCfg = Release|Any CPU
		{CE89DE85-2D74-4F09-8BCC-F388C7C3D378}.Release|Any CPU.Build.0 = Release|Any CPU
	EndGlobalSection
	GlobalSection(SolutionProperties) = preSolution
		HideSolutionNode = FALSE
	EndGlobalSection
	GlobalSection(ExtensibilityGlobals) = postSolution
		SolutionGuid = {6CC084C9-D814-4664-8697-841945424AE8}
	EndGlobalSection
EndGlobal
